
Microsoft Visual Studio Solution File, Format Version 12.00
# Visual Studio Version 16
VisualStudioVersion = 16.0.29209.152
MinimumVisualStudioVersion = 10.0.40219.1
Project("{FAE04EC0-301F-11D3-BF4B-00C04F79EFBC}") = "SeprrAPI", "SeprrAPI\SeprrAPI.csproj", "{9EF91D61-2791-4300-8424-27B782077019}"
EndProject
Global
	GlobalSection(SolutionConfigurationPlatforms) = preSolution
		Debug|Any CPU = Debug|Any CPU
		Release|Any CPU = Release|Any CPU
	EndGlobalSection
	GlobalSection(ProjectConfigurationPlatforms) = postSolution
		{9EF91D61-2791-4300-8424-27B782077019}.Debug|Any CPU.ActiveCfg = Debug|Any CPU
		{9EF91D61-2791-4300-8424-27B782077019}.Debug|Any CPU.Build.0 = Debug|Any CPU
		{9EF91D61-2791-4300-8424-27B782077019}.Release|Any CPU.ActiveCfg = Release|Any CPU
		{9EF91D61-2791-4300-8424-27B782077019}.Release|Any CPU.Build.0 = Release|Any CPU
	EndGlobalSection
	GlobalSection(SolutionProperties) = preSolution
		HideSolutionNode = FALSE
	EndGlobalSection
	GlobalSection(ExtensibilityGlobals) = postSolution
		SolutionGuid = {70B36D22-B690-4277-883E-8990B53854D7}
	EndGlobalSection
EndGlobal
